
Microsoft Visual Studio Solution File, Format Version 12.00
# Visual Studio Version 17
VisualStudioVersion = 17.10.35004.147
MinimumVisualStudioVersion = 10.0.40219.1
Project("{FAE04EC0-301F-11D3-BF4B-00C04F79EFBC}") = "DemoCompressString", "DemoCompressString\DemoCompressString.csproj", "{A80A54CB-E2FD-41D9-B351-EBC93A37F366}"
EndProject
Global
	GlobalSection(SolutionConfigurationPlatforms) = preSolution
		Debug|Any CPU = Debug|Any CPU
		Release|Any CPU = Release|Any CPU
	EndGlobalSection
	GlobalSection(ProjectConfigurationPlatforms) = postSolution
		{A80A54CB-E2FD-41D9-B351-EBC93A37F366}.Debug|Any CPU.ActiveCfg = Debug|Any CPU
		{A80A54CB-E2FD-41D9-B351-EBC93A37F366}.Debug|Any CPU.Build.0 = Debug|Any CPU
		{A80A54CB-E2FD-41D9-B351-EBC93A37F366}.Release|Any CPU.ActiveCfg = Release|Any CPU
		{A80A54CB-E2FD-41D9-B351-EBC93A37F366}.Release|Any CPU.Build.0 = Release|Any CPU
	EndGlobalSection
	GlobalSection(SolutionProperties) = preSolution
		HideSolutionNode = FALSE
	EndGlobalSection
	GlobalSection(ExtensibilityGlobals) = postSolution
		SolutionGuid = {B422F620-6DA0-4484-A026-5ADE8E9DF2C2}
	EndGlobalSection
EndGlobal
